
Microsoft Visual Studio Solution File, Format Version 12.00
# Visual Studio Version 16
VisualStudioVersion = 16.0.29728.190
MinimumVisualStudioVersion = 10.0.40219.1
Project("{FAE04EC0-301F-11D3-BF4B-00C04F79EFBC}") = "Classes", "Classes\Classes.csproj", "{8C0EB7EF-4342-4424-AF92-6B4E9C122B7E}"
EndProject
Project("{FAE04EC0-301F-11D3-BF4B-00C04F79EFBC}") = "RecapDemo1", "RecapDemo1\RecapDemo1.csproj", "{B70344A9-4F0B-420E-A684-4255A651C248}"
EndProject
Project("{FAE04EC0-301F-11D3-BF4B-00C04F79EFBC}") = "Interfaces", "Interfaces\Interfaces.csproj", "{B41410F2-5753-44A7-A56A-27B768B8EA76}"
EndProject
Project("{FAE04EC0-301F-11D3-BF4B-00C04F79EFBC}") = "Interfaces2", "Interfaces2\Interfaces2.csproj", "{52E3B435-3555-4BA9-B53B-233B54373A0F}"
EndProject
Project("{FAE04EC0-301F-11D3-BF4B-00C04F79EFBC}") = "Interface3", "Interface3\Interface3.csproj", "{0CBBD7E1-C0AE-460A-9D3E-AFFD76A7326B}"
EndProject
Project("{FAE04EC0-301F-11D3-BF4B-00C04F79EFBC}") = "InterfacesDemo", "InterfacesDemo\InterfacesDemo.csproj", "{279155E2-FB8B-4ABF-9C35-7D33A8AFE9F9}"
EndProject
Project("{FAE04EC0-301F-11D3-BF4B-00C04F79EFBC}") = "Inheritance", "Inheritance\Inheritance.csproj", "{43A60B3A-A0D7-4DA8-98FD-9E4A23E8E8C2}"
EndProject
Project("{FAE04EC0-301F-11D3-BF4B-00C04F79EFBC}") = "VirtualMethod", "VirtualMethod\VirtualMethod.csproj", "{44B0F362-1A42-4B9C-A778-A5FC41C5F83D}"
EndProject
Project("{FAE04EC0-301F-11D3-BF4B-00C04F79EFBC}") = "AbstractClasses", "AbstractClasses\AbstractClasses.csproj", "{5CAEBEC3-C3F0-40BA-8655-8AA0551F6CE0}"
EndProject
Project("{FAE04EC0-301F-11D3-BF4B-00C04F79EFBC}") = "RecapDemo2", "RecapDemo2\RecapDemo2.csproj", "{FBDC7322-D247-4554-BD2E-A6F44C5E6D10}"
EndProject
Project("{FAE04EC0-301F-11D3-BF4B-00C04F79EFBC}") = "AccessModifiers", "AccessModifiers\AccessModifiers.csproj", "{1DE8EE0A-2CBE-4679-B4E8-39338737231D}"
EndProject
Project("{9A19103F-16F7-4668-BE54-9A1E7A4F7556}") = "Constructors", "Constructors\Constructors.csproj", "{D5D1A4C2-2FB1-47AE-BF9A-AC4D9D5C70B5}"
EndProject
Project("{9A19103F-16F7-4668-BE54-9A1E7A4F7556}") = "ReferencesAndValueTypes", "ReferencesAndValueTypes\ReferencesAndValueTypes.csproj", "{BD90DFD9-47E3-488A-9F11-D933F44EFDCF}"
EndProject
Project("{FAE04EC0-301F-11D3-BF4B-00C04F79EFBC}") = "Collections", "Collections\Collections.csproj", "{88471E18-8920-4B96-A74B-AF0086D54077}"
EndProject
Project("{FAE04EC0-301F-11D3-BF4B-00C04F79EFBC}") = "Strings", "Strings\Strings.csproj", "{3DAAB312-9640-46B3-BFDC-CB0F8DD78F3B}"
EndProject
Project("{FAE04EC0-301F-11D3-BF4B-00C04F79EFBC}") = "RecapDemo", "RecapDemo\RecapDemo.csproj", "{873336EC-76F9-4569-95A3-7F7E365D44FD}"
EndProject
Global
	GlobalSection(SolutionConfigurationPlatforms) = preSolution
		Debug|Any CPU = Debug|Any CPU
		Release|Any CPU = Release|Any CPU
	EndGlobalSection
	GlobalSection(ProjectConfigurationPlatforms) = postSolution
		{8C0EB7EF-4342-4424-AF92-6B4E9C122B7E}.Debug|Any CPU.ActiveCfg = Debug|Any CPU
		{8C0EB7EF-4342-4424-AF92-6B4E9C122B7E}.Debug|Any CPU.Build.0 = Debug|Any CPU
		{8C0EB7EF-4342-4424-AF92-6B4E9C122B7E}.Release|Any CPU.ActiveCfg = Release|Any CPU
		{8C0EB7EF-4342-4424-AF92-6B4E9C122B7E}.Release|Any CPU.Build.0 = Release|Any CPU
		{B70344A9-4F0B-420E-A684-4255A651C248}.Debug|Any CPU.ActiveCfg = Debug|Any CPU
		{B70344A9-4F0B-420E-A684-4255A651C248}.Debug|Any CPU.Build.0 = Debug|Any CPU
		{B70344A9-4F0B-420E-A684-4255A651C248}.Release|Any CPU.ActiveCfg = Release|Any CPU
		{B70344A9-4F0B-420E-A684-4255A651C248}.Release|Any CPU.Build.0 = Release|Any CPU
		{B41410F2-5753-44A7-A56A-27B768B8EA76}.Debug|Any CPU.ActiveCfg = Debug|Any CPU
		{B41410F2-5753-44A7-A56A-27B768B8EA76}.Debug|Any CPU.Build.0 = Debug|Any CPU
		{B41410F2-5753-44A7-A56A-27B768B8EA76}.Release|Any CPU.ActiveCfg = Release|Any CPU
		{B41410F2-5753-44A7-A56A-27B768B8EA76}.Release|Any CPU.Build.0 = Release|Any CPU
		{52E3B435-3555-4BA9-B53B-233B54373A0F}.Debug|Any CPU.ActiveCfg = Debug|Any CPU
		{52E3B435-3555-4BA9-B53B-233B54373A0F}.Debug|Any CPU.Build.0 = Debug|Any CPU
		{52E3B435-3555-4BA9-B53B-233B54373A0F}.Release|Any CPU.ActiveCfg = Release|Any CPU
		{52E3B435-3555-4BA9-B53B-233B54373A0F}.Release|Any CPU.Build.0 = Release|Any CPU
		{0CBBD7E1-C0AE-460A-9D3E-AFFD76A7326B}.Debug|Any CPU.ActiveCfg = Debug|Any CPU
		{0CBBD7E1-C0AE-460A-9D3E-AFFD76A7326B}.Debug|Any CPU.Build.0 = Debug|Any CPU
		{0CBBD7E1-C0AE-460A-9D3E-AFFD76A7326B}.Release|Any CPU.ActiveCfg = Release|Any CPU
		{0CBBD7E1-C0AE-460A-9D3E-AFFD76A7326B}.Release|Any CPU.Build.0 = Release|Any CPU
		{279155E2-FB8B-4ABF-9C35-7D33A8AFE9F9}.Debug|Any CPU.ActiveCfg = Debug|Any CPU
		{279155E2-FB8B-4ABF-9C35-7D33A8AFE9F9}.Debug|Any CPU.Build.0 = Debug|Any CPU
		{279155E2-FB8B-4ABF-9C35-7D33A8AFE9F9}.Release|Any CPU.ActiveCfg = Release|Any CPU
		{279155E2-FB8B-4ABF-9C35-7D33A8AFE9F9}.Release|Any CPU.Build.0 = Release|Any CPU
		{43A60B3A-A0D7-4DA8-98FD-9E4A23E8E8C2}.Debug|Any CPU.ActiveCfg = Debug|Any CPU
		{43A60B3A-A0D7-4DA8-98FD-9E4A23E8E8C2}.Debug|Any CPU.Build.0 = Debug|Any CPU
		{43A60B3A-A0D7-4DA8-98FD-9E4A23E8E8C2}.Release|Any CPU.ActiveCfg = Release|Any CPU
		{43A60B3A-A0D7-4DA8-98FD-9E4A23E8E8C2}.Release|Any CPU.Build.0 = Release|Any CPU
		{44B0F362-1A42-4B9C-A778-A5FC41C5F83D}.Debug|Any CPU.ActiveCfg = Debug|Any CPU
		{44B0F362-1A42-4B9C-A778-A5FC41C5F83D}.Debug|Any CPU.Build.0 = Debug|Any CPU
		{44B0F362-1A42-4B9C-A778-A5FC41C5F83D}.Release|Any CPU.ActiveCfg = Release|Any CPU
		{44B0F362-1A42-4B9C-A778-A5FC41C5F83D}.Release|Any CPU.Build.0 = Release|Any CPU
		{5CAEBEC3-C3F0-40BA-8655-8AA0551F6CE0}.Debug|Any CPU.ActiveCfg = Debug|Any CPU
		{5CAEBEC3-C3F0-40BA-8655-8AA0551F6CE0}.Debug|Any CPU.Build.0 = Debug|Any CPU
		{5CAEBEC3-C3F0-40BA-8655-8AA0551F6CE0}.Release|Any CPU.ActiveCfg = Release|Any CPU
		{5CAEBEC3-C3F0-40BA-8655-8AA0551F6CE0}.Release|Any CPU.Build.0 = Release|Any CPU
		{FBDC7322-D247-4554-BD2E-A6F44C5E6D10}.Debug|Any CPU.ActiveCfg = Debug|Any CPU
		{FBDC7322-D247-4554-BD2E-A6F44C5E6D10}.Debug|Any CPU.Build.0 = Debug|Any CPU
		{FBDC7322-D247-4554-BD2E-A6F44C5E6D10}.Release|Any CPU.ActiveCfg = Release|Any CPU
		{FBDC7322-D247-4554-BD2E-A6F44C5E6D10}.Release|Any CPU.Build.0 = Release|Any CPU
		{1DE8EE0A-2CBE-4679-B4E8-39338737231D}.Debug|Any CPU.ActiveCfg = Debug|Any CPU
		{1DE8EE0A-2CBE-4679-B4E8-39338737231D}.Debug|Any CPU.Build.0 = Debug|Any CPU
		{1DE8EE0A-2CBE-4679-B4E8-39338737231D}.Release|Any CPU.ActiveCfg = Release|Any CPU
		{1DE8EE0A-2CBE-4679-B4E8-39338737231D}.Release|Any CPU.Build.0 = Release|Any CPU
		{D5D1A4C2-2FB1-47AE-BF9A-AC4D9D5C70B5}.Debug|Any CPU.ActiveCfg = Debug|Any CPU
		{D5D1A4C2-2FB1-47AE-BF9A-AC4D9D5C70B5}.Debug|Any CPU.Build.0 = Debug|Any CPU
		{D5D1A4C2-2FB1-47AE-BF9A-AC4D9D5C70B5}.Release|Any CPU.ActiveCfg = Release|Any CPU
		{D5D1A4C2-2FB1-47AE-BF9A-AC4D9D5C70B5}.Release|Any CPU.Build.0 = Release|Any CPU
		{BD90DFD9-47E3-488A-9F11-D933F44EFDCF}.Debug|Any CPU.ActiveCfg = Debug|Any CPU
		{BD90DFD9-47E3-488A-9F11-D933F44EFDCF}.Debug|Any CPU.Build.0 = Debug|Any CPU
		{BD90DFD9-47E3-488A-9F11-D933F44EFDCF}.Release|Any CPU.ActiveCfg = Release|Any CPU
		{BD90DFD9-47E3-488A-9F11-D933F44EFDCF}.Release|Any CPU.Build.0 = Release|Any CPU
		{88471E18-8920-4B96-A74B-AF0086D54077}.Debug|Any CPU.ActiveCfg = Debug|Any CPU
		{88471E18-8920-4B96-A74B-AF0086D54077}.Debug|Any CPU.Build.0 = Debug|Any CPU
		{88471E18-8920-4B96-A74B-AF0086D54077}.Release|Any CPU.ActiveCfg = Release|Any CPU
		{88471E18-8920-4B96-A74B-AF0086D54077}.Release|Any CPU.Build.0 = Release|Any CPU
		{3DAAB312-9640-46B3-BFDC-CB0F8DD78F3B}.Debug|Any CPU.ActiveCfg = Debug|Any CPU
		{3DAAB312-9640-46B3-BFDC-CB0F8DD78F3B}.Debug|Any CPU.Build.0 = Debug|Any CPU
		{3DAAB312-9640-46B3-BFDC-CB0F8DD78F3B}.Release|Any CPU.ActiveCfg = Release|Any CPU
		{3DAAB312-9640-46B3-BFDC-CB0F8DD78F3B}.Release|Any CPU.Build.0 = Release|Any CPU
		{873336EC-76F9-4569-95A3-7F7E365D44FD}.Debug|Any CPU.ActiveCfg = Debug|Any CPU
		{873336EC-76F9-4569-95A3-7F7E365D44FD}.Debug|Any CPU.Build.0 = Debug|Any CPU
		{873336EC-76F9-4569-95A3-7F7E365D44FD}.Release|Any CPU.ActiveCfg = Release|Any CPU
		{873336EC-76F9-4569-95A3-7F7E365D44FD}.Release|Any CPU.Build.0 = Release|Any CPU
	EndGlobalSection
	GlobalSection(SolutionProperties) = preSolution
		HideSolutionNode = FALSE
	EndGlobalSection
	GlobalSection(ExtensibilityGlobals) = postSolution
		SolutionGuid = {012B122F-6121-4311-9749-9686F34C0658}
	EndGlobalSection
EndGlobal
